{
  "name": "nodejs",
  "version": "1.0.0",
  "lockfileVersion": 2,
  "requires": true,
  "packages": {
    "": {
      "name": "nodejs",
      "version": "1.0.0",
      "license": "ISC",
      "dependencies": {
        "random-fruits": "^0.2.1"
      }
    },
    "node_modules/lodash": {
      "version": "4.17.15",
      "resolved": "https://registry.npmjs.org/lodash/-/lodash-4.17.15.tgz",
      "integrity": "sha512-8xOcRHvCjnocdS5cpwXQXVzmmh5e5+saE2QGoeQmbKmRS6J3VQppPOIt0MnmE+4xlZoumy0GPG0D0MVIQbNA1A=="
    },
    "node_modules/random-fruits": {
      "version": "0.2.1",
      "resolved": "https://registry.npmjs.org/random-fruits/-/random-fruits-0.2.1.tgz",
      "integrity": "sha512-rSho2wxxaE6akE6f72N78EfOSrxpYrJjnKBjKhyD9aVKzm0Qj5HJNKE90WWRfczkkZJmqXbX4DDzBbXT638rbQ==",
      "dependencies": {
        "lodash": "4.17.15"
      },
      "engines": {
        "node": ">= 8"
      }
    }
  },
  "dependencies": {
    "lodash": {
      "version": "4.17.15",
      "resolved": "https://registry.npmjs.org/lodash/-/lodash-4.17.15.tgz",
      "integrity": "sha512-8xOcRHvCjnocdS5cpwXQXVzmmh5e5+saE2QGoeQmbKmRS6J3VQppPOIt0MnmE+4xlZoumy0GPG0D0MVIQbNA1A=="
    },
    "random-fruits": {
      "version": "0.2.1",
      "resolved": "https://registry.npmjs.org/random-fruits/-/random-fruits-0.2.1.tgz",
      "integrity": "sha512-rSho2wxxaE6akE6f72N78EfOSrxpYrJjnKBjKhyD9aVKzm0Qj5HJNKE90WWRfczkkZJmqXbX4DDzBbXT638rbQ==",
      "requires": {
        "lodash": "4.17.15"
      }
    }
  }
}
